
Microsoft Visual Studio Solution File, Format Version 12.00
# Visual Studio 15
VisualStudioVersion = 15.0.28307.271
MinimumVisualStudioVersion = 10.0.40219.1
Project("{8BC9CEB8-8B4A-11D0-8D11-00A0C91BC942}") = "hello-world", "src\hello-world\hello-world.vcxproj", "{C885EF95-947E-4AAD-844E-1E1198554531}"
EndProject
Project("{8BC9CEB8-8B4A-11D0-8D11-00A0C91BC942}") = "glfw-basic", "src\glfw-basic\glfw-basic.vcxproj", "{19CE6D62-5BEF-4059-9A41-72EAF5D8C4AE}"
EndProject
Project("{8BC9CEB8-8B4A-11D0-8D11-00A0C91BC942}") = "moving-plane", "src\moving-plane\moving-plane.vcxproj", "{BD159B77-E4E4-404C-ABBA-6575E6E48A2A}"
EndProject
Project("{8BC9CEB8-8B4A-11D0-8D11-00A0C91BC942}") = "simple-terrain", "src\simple-terrain\simple-terrain.vcxproj", "{B5948DA6-15E7-4F01-BF84-A250B1EB1BEC}"
EndProject
Project("{8BC9CEB8-8B4A-11D0-8D11-00A0C91BC942}") = "glut-basic", "src\glut-basic\glut-basic.vcxproj", "{8EA337F4-9FB6-43D4-B6C1-87533BD5737E}"
EndProject
Project("{8BC9CEB8-8B4A-11D0-8D11-00A0C91BC942}") = "lookat", "src\lookat\lookat.vcxproj", "{223EFEF0-AA4A-4D27-80D3-BCA774583275}"
EndProject
Project("{8BC9CEB8-8B4A-11D0-8D11-00A0C91BC942}") = "rotation", "src\rotation\rotation.vcxproj", "{D481AA84-C48E-4480-9894-99CA39455BDA}"
EndProject
Project("{8BC9CEB8-8B4A-11D0-8D11-00A0C91BC942}") = "polygon-mode", "src\polygon-mode\polygon-mode.vcxproj", "{733CE2E9-F05B-42EF-B90F-5B1AF78E759D}"
EndProject
Project("{8BC9CEB8-8B4A-11D0-8D11-00A0C91BC942}") = "light", "src\light\light.vcxproj", "{F86756F8-4B80-45E7-ABB6-78A4E83381C1}"
EndProject
Project("{8BC9CEB8-8B4A-11D0-8D11-00A0C91BC942}") = "light-spot", "src\light-spot\light-spot.vcxproj", "{DF4815F4-EDA2-456A-A6FC-1C3042A5D827}"
EndProject
Project("{8BC9CEB8-8B4A-11D0-8D11-00A0C91BC942}") = "viewport", "src\viewport\viewport.vcxproj", "{E77CF1CC-5520-424C-AFD0-9947D9F379C2}"
EndProject
Project("{8BC9CEB8-8B4A-11D0-8D11-00A0C91BC942}") = "texture", "src\texture\texture.vcxproj", "{47BBB3C6-0C41-419E-ABDC-85A1103109A9}"
EndProject
Project("{8BC9CEB8-8B4A-11D0-8D11-00A0C91BC942}") = "bumpmap", "src\bumpmap\bumpmap.vcxproj", "{9EA2BB9C-9E3F-47F0-84E3-1232FFE1AE19}"
EndProject
Global
	GlobalSection(SolutionConfigurationPlatforms) = preSolution
		Debug|x64 = Debug|x64
		Debug|x86 = Debug|x86
		Release|x64 = Release|x64
		Release|x86 = Release|x86
	EndGlobalSection
	GlobalSection(ProjectConfigurationPlatforms) = postSolution
		{C885EF95-947E-4AAD-844E-1E1198554531}.Debug|x64.ActiveCfg = Debug|x64
		{C885EF95-947E-4AAD-844E-1E1198554531}.Debug|x64.Build.0 = Debug|x64
		{C885EF95-947E-4AAD-844E-1E1198554531}.Debug|x86.ActiveCfg = Debug|Win32
		{C885EF95-947E-4AAD-844E-1E1198554531}.Debug|x86.Build.0 = Debug|Win32
		{C885EF95-947E-4AAD-844E-1E1198554531}.Release|x64.ActiveCfg = Release|x64
		{C885EF95-947E-4AAD-844E-1E1198554531}.Release|x64.Build.0 = Release|x64
		{C885EF95-947E-4AAD-844E-1E1198554531}.Release|x86.ActiveCfg = Release|Win32
		{C885EF95-947E-4AAD-844E-1E1198554531}.Release|x86.Build.0 = Release|Win32
		{19CE6D62-5BEF-4059-9A41-72EAF5D8C4AE}.Debug|x64.ActiveCfg = Debug|x64
		{19CE6D62-5BEF-4059-9A41-72EAF5D8C4AE}.Debug|x64.Build.0 = Debug|x64
		{19CE6D62-5BEF-4059-9A41-72EAF5D8C4AE}.Debug|x86.ActiveCfg = Debug|Win32
		{19CE6D62-5BEF-4059-9A41-72EAF5D8C4AE}.Debug|x86.Build.0 = Debug|Win32
		{19CE6D62-5BEF-4059-9A41-72EAF5D8C4AE}.Release|x64.ActiveCfg = Release|x64
		{19CE6D62-5BEF-4059-9A41-72EAF5D8C4AE}.Release|x64.Build.0 = Release|x64
		{19CE6D62-5BEF-4059-9A41-72EAF5D8C4AE}.Release|x86.ActiveCfg = Release|Win32
		{19CE6D62-5BEF-4059-9A41-72EAF5D8C4AE}.Release|x86.Build.0 = Release|Win32
		{BD159B77-E4E4-404C-ABBA-6575E6E48A2A}.Debug|x64.ActiveCfg = Debug|x64
		{BD159B77-E4E4-404C-ABBA-6575E6E48A2A}.Debug|x64.Build.0 = Debug|x64
		{BD159B77-E4E4-404C-ABBA-6575E6E48A2A}.Debug|x86.ActiveCfg = Debug|Win32
		{BD159B77-E4E4-404C-ABBA-6575E6E48A2A}.Debug|x86.Build.0 = Debug|Win32
		{BD159B77-E4E4-404C-ABBA-6575E6E48A2A}.Release|x64.ActiveCfg = Release|x64
		{BD159B77-E4E4-404C-ABBA-6575E6E48A2A}.Release|x64.Build.0 = Release|x64
		{BD159B77-E4E4-404C-ABBA-6575E6E48A2A}.Release|x86.ActiveCfg = Release|Win32
		{BD159B77-E4E4-404C-ABBA-6575E6E48A2A}.Release|x86.Build.0 = Release|Win32
		{B5948DA6-15E7-4F01-BF84-A250B1EB1BEC}.Debug|x64.ActiveCfg = Debug|x64
		{B5948DA6-15E7-4F01-BF84-A250B1EB1BEC}.Debug|x64.Build.0 = Debug|x64
		{B5948DA6-15E7-4F01-BF84-A250B1EB1BEC}.Debug|x86.ActiveCfg = Debug|Win32
		{B5948DA6-15E7-4F01-BF84-A250B1EB1BEC}.Debug|x86.Build.0 = Debug|Win32
		{B5948DA6-15E7-4F01-BF84-A250B1EB1BEC}.Release|x64.ActiveCfg = Release|x64
		{B5948DA6-15E7-4F01-BF84-A250B1EB1BEC}.Release|x64.Build.0 = Release|x64
		{B5948DA6-15E7-4F01-BF84-A250B1EB1BEC}.Release|x86.ActiveCfg = Release|Win32
		{B5948DA6-15E7-4F01-BF84-A250B1EB1BEC}.Release|x86.Build.0 = Release|Win32
		{8EA337F4-9FB6-43D4-B6C1-87533BD5737E}.Debug|x64.ActiveCfg = Debug|x64
		{8EA337F4-9FB6-43D4-B6C1-87533BD5737E}.Debug|x64.Build.0 = Debug|x64
		{8EA337F4-9FB6-43D4-B6C1-87533BD5737E}.Debug|x86.ActiveCfg = Debug|Win32
		{8EA337F4-9FB6-43D4-B6C1-87533BD5737E}.Debug|x86.Build.0 = Debug|Win32
		{8EA337F4-9FB6-43D4-B6C1-87533BD5737E}.Release|x64.ActiveCfg = Release|x64
		{8EA337F4-9FB6-43D4-B6C1-87533BD5737E}.Release|x64.Build.0 = Release|x64
		{8EA337F4-9FB6-43D4-B6C1-87533BD5737E}.Release|x86.ActiveCfg = Release|Win32
		{8EA337F4-9FB6-43D4-B6C1-87533BD5737E}.Release|x86.Build.0 = Release|Win32
		{223EFEF0-AA4A-4D27-80D3-BCA774583275}.Debug|x64.ActiveCfg = Debug|x64
		{223EFEF0-AA4A-4D27-80D3-BCA774583275}.Debug|x64.Build.0 = Debug|x64
		{223EFEF0-AA4A-4D27-80D3-BCA774583275}.Debug|x86.ActiveCfg = Debug|Win32
		{223EFEF0-AA4A-4D27-80D3-BCA774583275}.Debug|x86.Build.0 = Debug|Win32
		{223EFEF0-AA4A-4D27-80D3-BCA774583275}.Release|x64.ActiveCfg = Release|x64
		{223EFEF0-AA4A-4D27-80D3-BCA774583275}.Release|x64.Build.0 = Release|x64
		{223EFEF0-AA4A-4D27-80D3-BCA774583275}.Release|x86.ActiveCfg = Release|Win32
		{223EFEF0-AA4A-4D27-80D3-BCA774583275}.Release|x86.Build.0 = Release|Win32
		{D481AA84-C48E-4480-9894-99CA39455BDA}.Debug|x64.ActiveCfg = Debug|x64
		{D481AA84-C48E-4480-9894-99CA39455BDA}.Debug|x64.Build.0 = Debug|x64
		{D481AA84-C48E-4480-9894-99CA39455BDA}.Debug|x86.ActiveCfg = Debug|Win32
		{D481AA84-C48E-4480-9894-99CA39455BDA}.Debug|x86.Build.0 = Debug|Win32
		{D481AA84-C48E-4480-9894-99CA39455BDA}.Release|x64.ActiveCfg = Release|x64
		{D481AA84-C48E-4480-9894-99CA39455BDA}.Release|x64.Build.0 = Release|x64
		{D481AA84-C48E-4480-9894-99CA39455BDA}.Release|x86.ActiveCfg = Release|Win32
		{D481AA84-C48E-4480-9894-99CA39455BDA}.Release|x86.Build.0 = Release|Win32
		{733CE2E9-F05B-42EF-B90F-5B1AF78E759D}.Debug|x64.ActiveCfg = Debug|x64
		{733CE2E9-F05B-42EF-B90F-5B1AF78E759D}.Debug|x64.Build.0 = Debug|x64
		{733CE2E9-F05B-42EF-B90F-5B1AF78E759D}.Debug|x86.ActiveCfg = Debug|Win32
		{733CE2E9-F05B-42EF-B90F-5B1AF78E759D}.Debug|x86.Build.0 = Debug|Win32
		{733CE2E9-F05B-42EF-B90F-5B1AF78E759D}.Release|x64.ActiveCfg = Release|x64
		{733CE2E9-F05B-42EF-B90F-5B1AF78E759D}.Release|x64.Build.0 = Release|x64
		{733CE2E9-F05B-42EF-B90F-5B1AF78E759D}.Release|x86.ActiveCfg = Release|Win32
		{733CE2E9-F05B-42EF-B90F-5B1AF78E759D}.Release|x86.Build.0 = Release|Win32
		{F86756F8-4B80-45E7-ABB6-78A4E83381C1}.Debug|x64.ActiveCfg = Debug|x64
		{F86756F8-4B80-45E7-ABB6-78A4E83381C1}.Debug|x64.Build.0 = Debug|x64
		{F86756F8-4B80-45E7-ABB6-78A4E83381C1}.Debug|x86.ActiveCfg = Debug|Win32
		{F86756F8-4B80-45E7-ABB6-78A4E83381C1}.Debug|x86.Build.0 = Debug|Win32
		{F86756F8-4B80-45E7-ABB6-78A4E83381C1}.Release|x64.ActiveCfg = Release|x64
		{F86756F8-4B80-45E7-ABB6-78A4E83381C1}.Release|x64.Build.0 = Release|x64
		{F86756F8-4B80-45E7-ABB6-78A4E83381C1}.Release|x86.ActiveCfg = Release|Win32
		{F86756F8-4B80-45E7-ABB6-78A4E83381C1}.Release|x86.Build.0 = Release|Win32
		{DF4815F4-EDA2-456A-A6FC-1C3042A5D827}.Debug|x64.ActiveCfg = Debug|x64
		{DF4815F4-EDA2-456A-A6FC-1C3042A5D827}.Debug|x64.Build.0 = Debug|x64
		{DF4815F4-EDA2-456A-A6FC-1C3042A5D827}.Debug|x86.ActiveCfg = Debug|Win32
		{DF4815F4-EDA2-456A-A6FC-1C3042A5D827}.Debug|x86.Build.0 = Debug|Win32
		{DF4815F4-EDA2-456A-A6FC-1C3042A5D827}.Release|x64.ActiveCfg = Release|x64
		{DF4815F4-EDA2-456A-A6FC-1C3042A5D827}.Release|x64.Build.0 = Release|x64
		{DF4815F4-EDA2-456A-A6FC-1C3042A5D827}.Release|x86.ActiveCfg = Release|Win32
		{DF4815F4-EDA2-456A-A6FC-1C3042A5D827}.Release|x86.Build.0 = Release|Win32
		{E77CF1CC-5520-424C-AFD0-9947D9F379C2}.Debug|x64.ActiveCfg = Debug|x64
		{E77CF1CC-5520-424C-AFD0-9947D9F379C2}.Debug|x64.Build.0 = Debug|x64
		{E77CF1CC-5520-424C-AFD0-9947D9F379C2}.Debug|x86.ActiveCfg = Debug|Win32
		{E77CF1CC-5520-424C-AFD0-9947D9F379C2}.Debug|x86.Build.0 = Debug|Win32
		{E77CF1CC-5520-424C-AFD0-9947D9F379C2}.Release|x64.ActiveCfg = Release|x64
		{E77CF1CC-5520-424C-AFD0-9947D9F379C2}.Release|x64.Build.0 = Release|x64
		{E77CF1CC-5520-424C-AFD0-9947D9F379C2}.Release|x86.ActiveCfg = Release|Win32
		{E77CF1CC-5520-424C-AFD0-9947D9F379C2}.Release|x86.Build.0 = Release|Win32
		{47BBB3C6-0C41-419E-ABDC-85A1103109A9}.Debug|x64.ActiveCfg = Debug|x64
		{47BBB3C6-0C41-419E-ABDC-85A1103109A9}.Debug|x64.Build.0 = Debug|x64
		{47BBB3C6-0C41-419E-ABDC-85A1103109A9}.Debug|x86.ActiveCfg = Debug|Win32
		{47BBB3C6-0C41-419E-ABDC-85A1103109A9}.Debug|x86.Build.0 = Debug|Win32
		{47BBB3C6-0C41-419E-ABDC-85A1103109A9}.Release|x64.ActiveCfg = Release|x64
		{47BBB3C6-0C41-419E-ABDC-85A1103109A9}.Release|x64.Build.0 = Release|x64
		{47BBB3C6-0C41-419E-ABDC-85A1103109A9}.Release|x86.ActiveCfg = Release|Win32
		{47BBB3C6-0C41-419E-ABDC-85A1103109A9}.Release|x86.Build.0 = Release|Win32
		{9EA2BB9C-9E3F-47F0-84E3-1232FFE1AE19}.Debug|x64.ActiveCfg = Debug|x64
		{9EA2BB9C-9E3F-47F0-84E3-1232FFE1AE19}.Debug|x64.Build.0 = Debug|x64
		{9EA2BB9C-9E3F-47F0-84E3-1232FFE1AE19}.Debug|x86.ActiveCfg = Debug|Win32
		{9EA2BB9C-9E3F-47F0-84E3-1232FFE1AE19}.Debug|x86.Build.0 = Debug|Win32
		{9EA2BB9C-9E3F-47F0-84E3-1232FFE1AE19}.Release|x64.ActiveCfg = Release|x64
		{9EA2BB9C-9E3F-47F0-84E3-1232FFE1AE19}.Release|x64.Build.0 = Release|x64
		{9EA2BB9C-9E3F-47F0-84E3-1232FFE1AE19}.Release|x86.ActiveCfg = Release|Win32
		{9EA2BB9C-9E3F-47F0-84E3-1232FFE1AE19}.Release|x86.Build.0 = Release|Win32
	EndGlobalSection
	GlobalSection(SolutionProperties) = preSolution
		HideSolutionNode = FALSE
	EndGlobalSection
	GlobalSection(ExtensibilityGlobals) = postSolution
		SolutionGuid = {907890E6-649F-4358-AC9A-7D82DB6967CA}
	EndGlobalSection
EndGlobal
