
Microsoft Visual Studio Solution File, Format Version 12.00
# Visual Studio 15
VisualStudioVersion = 15.0.28307.271
MinimumVisualStudioVersion = 10.0.40219.1
Project("{8BC9CEB8-8B4A-11D0-8D11-00A0C91BC942}") = "OpenGL-demos", "OpenGL-demos.vcxproj", "{B55F84FA-4C11-4D24-8473-F57471C96868}"
EndProject
Global
	GlobalSection(SolutionConfigurationPlatforms) = preSolution
		Debug|x64 = Debug|x64
		Debug|x86 = Debug|x86
		Release|x64 = Release|x64
		Release|x86 = Release|x86
	EndGlobalSection
	GlobalSection(ProjectConfigurationPlatforms) = postSolution
		{B55F84FA-4C11-4D24-8473-F57471C96868}.Debug|x64.ActiveCfg = Debug|x64
		{B55F84FA-4C11-4D24-8473-F57471C96868}.Debug|x64.Build.0 = Debug|x64
		{B55F84FA-4C11-4D24-8473-F57471C96868}.Debug|x86.ActiveCfg = Debug|Win32
		{B55F84FA-4C11-4D24-8473-F57471C96868}.Debug|x86.Build.0 = Debug|Win32
		{B55F84FA-4C11-4D24-8473-F57471C96868}.Release|x64.ActiveCfg = Release|x64
		{B55F84FA-4C11-4D24-8473-F57471C96868}.Release|x64.Build.0 = Release|x64
		{B55F84FA-4C11-4D24-8473-F57471C96868}.Release|x86.ActiveCfg = Release|Win32
		{B55F84FA-4C11-4D24-8473-F57471C96868}.Release|x86.Build.0 = Release|Win32
	EndGlobalSection
	GlobalSection(SolutionProperties) = preSolution
		HideSolutionNode = FALSE
	EndGlobalSection
	GlobalSection(ExtensibilityGlobals) = postSolution
		SolutionGuid = {907890E6-649F-4358-AC9A-7D82DB6967CA}
	EndGlobalSection
EndGlobal
