
Microsoft Visual Studio Solution File, Format Version 12.00
# Visual Studio 15
VisualStudioVersion = 15.0.28307.271
MinimumVisualStudioVersion = 10.0.40219.1
Project("{8BC9CEB8-8B4A-11D0-8D11-00A0C91BC942}") = "hello-world", "src\hello-world\hello-world.vcxproj", "{C885EF95-947E-4AAD-844E-1E1198554531}"
EndProject
Project("{8BC9CEB8-8B4A-11D0-8D11-00A0C91BC942}") = "glfw-basic", "src\glfw-basic\glfw-basic.vcxproj", "{19CE6D62-5BEF-4059-9A41-72EAF5D8C4AE}"
EndProject
Project("{8BC9CEB8-8B4A-11D0-8D11-00A0C91BC942}") = "moving-plane", "src\moving-plane\moving-plane.vcxproj", "{BD159B77-E4E4-404C-ABBA-6575E6E48A2A}"
EndProject
Project("{8BC9CEB8-8B4A-11D0-8D11-00A0C91BC942}") = "simple-terrain", "src\simple-terrain\simple-terrain.vcxproj", "{B5948DA6-15E7-4F01-BF84-A250B1EB1BEC}"
EndProject
Global
	GlobalSection(SolutionConfigurationPlatforms) = preSolution
		Debug|x64 = Debug|x64
		Debug|x86 = Debug|x86
		Release|x64 = Release|x64
		Release|x86 = Release|x86
	EndGlobalSection
	GlobalSection(ProjectConfigurationPlatforms) = postSolution
		{C885EF95-947E-4AAD-844E-1E1198554531}.Debug|x64.ActiveCfg = Debug|x64
		{C885EF95-947E-4AAD-844E-1E1198554531}.Debug|x64.Build.0 = Debug|x64
		{C885EF95-947E-4AAD-844E-1E1198554531}.Debug|x86.ActiveCfg = Debug|Win32
		{C885EF95-947E-4AAD-844E-1E1198554531}.Debug|x86.Build.0 = Debug|Win32
		{C885EF95-947E-4AAD-844E-1E1198554531}.Release|x64.ActiveCfg = Release|x64
		{C885EF95-947E-4AAD-844E-1E1198554531}.Release|x64.Build.0 = Release|x64
		{C885EF95-947E-4AAD-844E-1E1198554531}.Release|x86.ActiveCfg = Release|Win32
		{C885EF95-947E-4AAD-844E-1E1198554531}.Release|x86.Build.0 = Release|Win32
		{19CE6D62-5BEF-4059-9A41-72EAF5D8C4AE}.Debug|x64.ActiveCfg = Debug|x64
		{19CE6D62-5BEF-4059-9A41-72EAF5D8C4AE}.Debug|x64.Build.0 = Debug|x64
		{19CE6D62-5BEF-4059-9A41-72EAF5D8C4AE}.Debug|x86.ActiveCfg = Debug|Win32
		{19CE6D62-5BEF-4059-9A41-72EAF5D8C4AE}.Debug|x86.Build.0 = Debug|Win32
		{19CE6D62-5BEF-4059-9A41-72EAF5D8C4AE}.Release|x64.ActiveCfg = Release|x64
		{19CE6D62-5BEF-4059-9A41-72EAF5D8C4AE}.Release|x64.Build.0 = Release|x64
		{19CE6D62-5BEF-4059-9A41-72EAF5D8C4AE}.Release|x86.ActiveCfg = Release|Win32
		{19CE6D62-5BEF-4059-9A41-72EAF5D8C4AE}.Release|x86.Build.0 = Release|Win32
		{BD159B77-E4E4-404C-ABBA-6575E6E48A2A}.Debug|x64.ActiveCfg = Debug|x64
		{BD159B77-E4E4-404C-ABBA-6575E6E48A2A}.Debug|x64.Build.0 = Debug|x64
		{BD159B77-E4E4-404C-ABBA-6575E6E48A2A}.Debug|x86.ActiveCfg = Debug|Win32
		{BD159B77-E4E4-404C-ABBA-6575E6E48A2A}.Debug|x86.Build.0 = Debug|Win32
		{BD159B77-E4E4-404C-ABBA-6575E6E48A2A}.Release|x64.ActiveCfg = Release|x64
		{BD159B77-E4E4-404C-ABBA-6575E6E48A2A}.Release|x64.Build.0 = Release|x64
		{BD159B77-E4E4-404C-ABBA-6575E6E48A2A}.Release|x86.ActiveCfg = Release|Win32
		{BD159B77-E4E4-404C-ABBA-6575E6E48A2A}.Release|x86.Build.0 = Release|Win32
		{B5948DA6-15E7-4F01-BF84-A250B1EB1BEC}.Debug|x64.ActiveCfg = Debug|x64
		{B5948DA6-15E7-4F01-BF84-A250B1EB1BEC}.Debug|x64.Build.0 = Debug|x64
		{B5948DA6-15E7-4F01-BF84-A250B1EB1BEC}.Debug|x86.ActiveCfg = Debug|Win32
		{B5948DA6-15E7-4F01-BF84-A250B1EB1BEC}.Debug|x86.Build.0 = Debug|Win32
		{B5948DA6-15E7-4F01-BF84-A250B1EB1BEC}.Release|x64.ActiveCfg = Release|x64
		{B5948DA6-15E7-4F01-BF84-A250B1EB1BEC}.Release|x64.Build.0 = Release|x64
		{B5948DA6-15E7-4F01-BF84-A250B1EB1BEC}.Release|x86.ActiveCfg = Release|Win32
		{B5948DA6-15E7-4F01-BF84-A250B1EB1BEC}.Release|x86.Build.0 = Release|Win32
	EndGlobalSection
	GlobalSection(SolutionProperties) = preSolution
		HideSolutionNode = FALSE
	EndGlobalSection
	GlobalSection(ExtensibilityGlobals) = postSolution
		SolutionGuid = {907890E6-649F-4358-AC9A-7D82DB6967CA}
	EndGlobalSection
EndGlobal
